
Microsoft Visual Studio Solution File, Format Version 12.00
# Visual Studio Version 17
VisualStudioVersion = 17.3.32922.545
MinimumVisualStudioVersion = 10.0.40219.1
Project("{FAE04EC0-301F-11D3-BF4B-00C04F79EFBC}") = "homoCalc", "homoCalc.csproj", "{EB3ED9D9-C7C1-4E92-B751-DB2EBD6D4A88}"
EndProject
Global
	GlobalSection(SolutionConfigurationPlatforms) = preSolution
		Debug|Any CPU = Debug|Any CPU
		Release|Any CPU = Release|Any CPU
	EndGlobalSection
	GlobalSection(ProjectConfigurationPlatforms) = postSolution
		{EB3ED9D9-C7C1-4E92-B751-DB2EBD6D4A88}.Debug|Any CPU.ActiveCfg = Debug|Any CPU
		{EB3ED9D9-C7C1-4E92-B751-DB2EBD6D4A88}.Debug|Any CPU.Build.0 = Debug|Any CPU
		{EB3ED9D9-C7C1-4E92-B751-DB2EBD6D4A88}.Release|Any CPU.ActiveCfg = Release|Any CPU
		{EB3ED9D9-C7C1-4E92-B751-DB2EBD6D4A88}.Release|Any CPU.Build.0 = Release|Any CPU
	EndGlobalSection
	GlobalSection(SolutionProperties) = preSolution
		HideSolutionNode = FALSE
	EndGlobalSection
	GlobalSection(ExtensibilityGlobals) = postSolution
		SolutionGuid = {519F7B13-EEEF-4911-B400-49A3DE202389}
	EndGlobalSection
EndGlobal
